
Microsoft Visual Studio Solution File, Format Version 12.00
# Visual Studio 15
VisualStudioVersion = 15.0.28010.2026
MinimumVisualStudioVersion = 10.0.40219.1
Project("{FAE04EC0-301F-11D3-BF4B-00C04F79EFBC}") = "ConsoleApp3", "ConsoleApp3.csproj", "{43A9C54E-0649-4DD1-9E5C-334F8158F201}"
EndProject
Project("{9A19103F-16F7-4668-BE54-9A1E7A4F7556}") = "ConsoleApp1", "..\ConsoleApp1\ConsoleApp1.csproj", "{EA53D56A-F742-4759-8687-307F2750DA02}"
EndProject
Project("{FAE04EC0-301F-11D3-BF4B-00C04F79EFBC}") = "BankAccount", "..\ConsoleApp2\BankAccount.csproj", "{19385D3F-1096-4289-B1D6-6C17D8A478C0}"
EndProject
Project("{9A19103F-16F7-4668-BE54-9A1E7A4F7556}") = "File", "..\ConsoleApp4\File.csproj", "{9D4D5222-8568-49F0-84ED-6C29CA41700A}"
EndProject
Project("{9A19103F-16F7-4668-BE54-9A1E7A4F7556}") = "Inherit", "..\Inherit\Inherit.csproj", "{E46D3BB5-064C-411E-8FF4-9BFB63E8D1B1}"
EndProject
Project("{9A19103F-16F7-4668-BE54-9A1E7A4F7556}") = "Attribute", "Attribute\Attribute.csproj", "{BEF0242D-132C-4E8D-A77C-ECFC29415F93}"
EndProject
Project("{9A19103F-16F7-4668-BE54-9A1E7A4F7556}") = "Genericity", "Genericity\Genericity.csproj", "{6EAF35C1-1701-4CBC-BEF2-7194F39648EA}"
EndProject
Project("{9A19103F-16F7-4668-BE54-9A1E7A4F7556}") = "Index", "..\Index\Index.csproj", "{94FDE503-A2C3-4327-BF44-DED470480D4C}"
EndProject
Project("{9A19103F-16F7-4668-BE54-9A1E7A4F7556}") = "Event", "Event\Event.csproj", "{6622BD72-F8BA-4B49-B001-7871A8B839AE}"
EndProject
Project("{FAE04EC0-301F-11D3-BF4B-00C04F79EFBC}") = "Struct", "..\Struct\Struct.csproj", "{26D7CA92-F44D-4F9F-B3E3-269C0129D97A}"
EndProject
Project("{FAE04EC0-301F-11D3-BF4B-00C04F79EFBC}") = "Interface", "Interface\Interface.csproj", "{C0615F00-6837-48AD-A8C6-581C45CC8315}"
EndProject
Project("{FAE04EC0-301F-11D3-BF4B-00C04F79EFBC}") = "Enum", "Enum\Enum.csproj", "{45865739-1833-4CC3-90D0-8D0E1B1B24B1}"
EndProject
Project("{FAE04EC0-301F-11D3-BF4B-00C04F79EFBC}") = "Delegate", "Delegate\Delegate.csproj", "{AC7C43B9-7ECF-4A7A-AFA2-A4D78F755C65}"
EndProject
Global
	GlobalSection(SolutionConfigurationPlatforms) = preSolution
		Debug|Any CPU = Debug|Any CPU
		Release|Any CPU = Release|Any CPU
	EndGlobalSection
	GlobalSection(ProjectConfigurationPlatforms) = postSolution
		{43A9C54E-0649-4DD1-9E5C-334F8158F201}.Debug|Any CPU.ActiveCfg = Debug|Any CPU
		{43A9C54E-0649-4DD1-9E5C-334F8158F201}.Debug|Any CPU.Build.0 = Debug|Any CPU
		{43A9C54E-0649-4DD1-9E5C-334F8158F201}.Release|Any CPU.ActiveCfg = Release|Any CPU
		{43A9C54E-0649-4DD1-9E5C-334F8158F201}.Release|Any CPU.Build.0 = Release|Any CPU
		{EA53D56A-F742-4759-8687-307F2750DA02}.Debug|Any CPU.ActiveCfg = Debug|Any CPU
		{EA53D56A-F742-4759-8687-307F2750DA02}.Debug|Any CPU.Build.0 = Debug|Any CPU
		{EA53D56A-F742-4759-8687-307F2750DA02}.Release|Any CPU.ActiveCfg = Release|Any CPU
		{EA53D56A-F742-4759-8687-307F2750DA02}.Release|Any CPU.Build.0 = Release|Any CPU
		{19385D3F-1096-4289-B1D6-6C17D8A478C0}.Debug|Any CPU.ActiveCfg = Debug|Any CPU
		{19385D3F-1096-4289-B1D6-6C17D8A478C0}.Debug|Any CPU.Build.0 = Debug|Any CPU
		{19385D3F-1096-4289-B1D6-6C17D8A478C0}.Release|Any CPU.ActiveCfg = Release|Any CPU
		{19385D3F-1096-4289-B1D6-6C17D8A478C0}.Release|Any CPU.Build.0 = Release|Any CPU
		{9D4D5222-8568-49F0-84ED-6C29CA41700A}.Debug|Any CPU.ActiveCfg = Debug|Any CPU
		{9D4D5222-8568-49F0-84ED-6C29CA41700A}.Debug|Any CPU.Build.0 = Debug|Any CPU
		{9D4D5222-8568-49F0-84ED-6C29CA41700A}.Release|Any CPU.ActiveCfg = Release|Any CPU
		{9D4D5222-8568-49F0-84ED-6C29CA41700A}.Release|Any CPU.Build.0 = Release|Any CPU
		{E46D3BB5-064C-411E-8FF4-9BFB63E8D1B1}.Debug|Any CPU.ActiveCfg = Debug|Any CPU
		{E46D3BB5-064C-411E-8FF4-9BFB63E8D1B1}.Debug|Any CPU.Build.0 = Debug|Any CPU
		{E46D3BB5-064C-411E-8FF4-9BFB63E8D1B1}.Release|Any CPU.ActiveCfg = Release|Any CPU
		{E46D3BB5-064C-411E-8FF4-9BFB63E8D1B1}.Release|Any CPU.Build.0 = Release|Any CPU
		{BEF0242D-132C-4E8D-A77C-ECFC29415F93}.Debug|Any CPU.ActiveCfg = Debug|Any CPU
		{BEF0242D-132C-4E8D-A77C-ECFC29415F93}.Debug|Any CPU.Build.0 = Debug|Any CPU
		{BEF0242D-132C-4E8D-A77C-ECFC29415F93}.Release|Any CPU.ActiveCfg = Release|Any CPU
		{BEF0242D-132C-4E8D-A77C-ECFC29415F93}.Release|Any CPU.Build.0 = Release|Any CPU
		{6EAF35C1-1701-4CBC-BEF2-7194F39648EA}.Debug|Any CPU.ActiveCfg = Debug|Any CPU
		{6EAF35C1-1701-4CBC-BEF2-7194F39648EA}.Debug|Any CPU.Build.0 = Debug|Any CPU
		{6EAF35C1-1701-4CBC-BEF2-7194F39648EA}.Release|Any CPU.ActiveCfg = Release|Any CPU
		{6EAF35C1-1701-4CBC-BEF2-7194F39648EA}.Release|Any CPU.Build.0 = Release|Any CPU
		{94FDE503-A2C3-4327-BF44-DED470480D4C}.Debug|Any CPU.ActiveCfg = Debug|Any CPU
		{94FDE503-A2C3-4327-BF44-DED470480D4C}.Debug|Any CPU.Build.0 = Debug|Any CPU
		{94FDE503-A2C3-4327-BF44-DED470480D4C}.Release|Any CPU.ActiveCfg = Release|Any CPU
		{94FDE503-A2C3-4327-BF44-DED470480D4C}.Release|Any CPU.Build.0 = Release|Any CPU
		{6622BD72-F8BA-4B49-B001-7871A8B839AE}.Debug|Any CPU.ActiveCfg = Debug|Any CPU
		{6622BD72-F8BA-4B49-B001-7871A8B839AE}.Debug|Any CPU.Build.0 = Debug|Any CPU
		{6622BD72-F8BA-4B49-B001-7871A8B839AE}.Release|Any CPU.ActiveCfg = Release|Any CPU
		{6622BD72-F8BA-4B49-B001-7871A8B839AE}.Release|Any CPU.Build.0 = Release|Any CPU
		{26D7CA92-F44D-4F9F-B3E3-269C0129D97A}.Debug|Any CPU.ActiveCfg = Debug|Any CPU
		{26D7CA92-F44D-4F9F-B3E3-269C0129D97A}.Debug|Any CPU.Build.0 = Debug|Any CPU
		{26D7CA92-F44D-4F9F-B3E3-269C0129D97A}.Release|Any CPU.ActiveCfg = Release|Any CPU
		{26D7CA92-F44D-4F9F-B3E3-269C0129D97A}.Release|Any CPU.Build.0 = Release|Any CPU
		{C0615F00-6837-48AD-A8C6-581C45CC8315}.Debug|Any CPU.ActiveCfg = Debug|Any CPU
		{C0615F00-6837-48AD-A8C6-581C45CC8315}.Debug|Any CPU.Build.0 = Debug|Any CPU
		{C0615F00-6837-48AD-A8C6-581C45CC8315}.Release|Any CPU.ActiveCfg = Release|Any CPU
		{C0615F00-6837-48AD-A8C6-581C45CC8315}.Release|Any CPU.Build.0 = Release|Any CPU
		{45865739-1833-4CC3-90D0-8D0E1B1B24B1}.Debug|Any CPU.ActiveCfg = Debug|Any CPU
		{45865739-1833-4CC3-90D0-8D0E1B1B24B1}.Debug|Any CPU.Build.0 = Debug|Any CPU
		{45865739-1833-4CC3-90D0-8D0E1B1B24B1}.Release|Any CPU.ActiveCfg = Release|Any CPU
		{45865739-1833-4CC3-90D0-8D0E1B1B24B1}.Release|Any CPU.Build.0 = Release|Any CPU
		{AC7C43B9-7ECF-4A7A-AFA2-A4D78F755C65}.Debug|Any CPU.ActiveCfg = Debug|Any CPU
		{AC7C43B9-7ECF-4A7A-AFA2-A4D78F755C65}.Debug|Any CPU.Build.0 = Debug|Any CPU
		{AC7C43B9-7ECF-4A7A-AFA2-A4D78F755C65}.Release|Any CPU.ActiveCfg = Release|Any CPU
		{AC7C43B9-7ECF-4A7A-AFA2-A4D78F755C65}.Release|Any CPU.Build.0 = Release|Any CPU
	EndGlobalSection
	GlobalSection(SolutionProperties) = preSolution
		HideSolutionNode = FALSE
	EndGlobalSection
	GlobalSection(ExtensibilityGlobals) = postSolution
		SolutionGuid = {578F34D4-5A8C-48DD-B9C1-3DA74A75CAA4}
	EndGlobalSection
EndGlobal
